
Microsoft Visual Studio Solution File, Format Version 12.00
Project("{FAE04EC0-301F-11D3-BF4B-00C04F79EFBC}") = "LibraryQR", "LibraryQR\LibraryQR.csproj", "{CE42666C-017A-4D83-9F60-A5F159B1A0B3}"
EndProject
Global
	GlobalSection(SolutionConfigurationPlatforms) = preSolution
		Debug|Any CPU = Debug|Any CPU
		Release|Any CPU = Release|Any CPU
	EndGlobalSection
	GlobalSection(ProjectConfigurationPlatforms) = postSolution
		{CE42666C-017A-4D83-9F60-A5F159B1A0B3}.Debug|Any CPU.ActiveCfg = Debug|Any CPU
		{CE42666C-017A-4D83-9F60-A5F159B1A0B3}.Debug|Any CPU.Build.0 = Debug|Any CPU
		{CE42666C-017A-4D83-9F60-A5F159B1A0B3}.Release|Any CPU.ActiveCfg = Release|Any CPU
		{CE42666C-017A-4D83-9F60-A5F159B1A0B3}.Release|Any CPU.Build.0 = Release|Any CPU
	EndGlobalSection
EndGlobal
